%{"fast_xml": {:hex, :fast_xml, "1.1.15", "6d23eb7f874e1357cf80a48d75a7bd0c8f6318029dc4b70122e9f54911f57f83", [:rebar3], [{:p1_utils, "1.0.5", [hex: :p1_utils, optional: false]}]},
  "p1_utils": {:hex, :p1_utils, "1.0.5", "3e698354fdc1fea5491d991457b0cb986c0a00a47d224feb841dc3ec82b9f721", [:rebar3], []}}
